{
  "object": {
    "pins": [
      {
        "package": "ARCompass",
        "repositoryURL": "/Users/paolo/Desktop/iOS/ARCompass",
        "state": {
          "branch": null,
          "revision": "d9ded962a5c76ced9a96c3d826d10154a6f18789",
          "version": "0.0.2"
        }
      }
    ]
  },
  "version": 1
}
